
Microsoft Visual Studio Solution File, Format Version 12.00
# Visual Studio Version 17
VisualStudioVersion = 17.8.34330.188
MinimumVisualStudioVersion = 10.0.40219.1
Project("{9A19103F-16F7-4668-BE54-9A1E7A4F7556}") = "Ristreto.Application", "src\Ristreto.Application\Ristreto.Application.csproj", "{50F11E9E-D170-43A2-B249-ED75B86922BF}"
EndProject
Project("{9A19103F-16F7-4668-BE54-9A1E7A4F7556}") = "Ristreto.Data", "src\Ristreto.Data\Ristreto.Data.csproj", "{E4E36B37-68AE-4FBC-9C29-1A084DC472D7}"
EndProject
Project("{9A19103F-16F7-4668-BE54-9A1E7A4F7556}") = "Ristreto.Domain", "src\Ristreto.Model\Ristreto.Domain.csproj", "{7ADFCA7C-95E0-4287-A7EA-67045B5393CA}"
EndProject
Project("{9A19103F-16F7-4668-BE54-9A1E7A4F7556}") = "Ristreto.Test", "test\Ristreto.Test\Ristreto.Test.csproj", "{D1F5D258-76D6-4AF3-9B54-50616CDA4F30}"
EndProject
Project("{9A19103F-16F7-4668-BE54-9A1E7A4F7556}") = "Ristreto.WebApp", "src\Ristreto.WebApp\Ristreto.WebApp.csproj", "{A00C0ED0-B9A8-4D81-AE08-4780432AF3C2}"
EndProject
Global
	GlobalSection(SolutionConfigurationPlatforms) = preSolution
		Debug|Any CPU = Debug|Any CPU
		Release|Any CPU = Release|Any CPU
	EndGlobalSection
	GlobalSection(ProjectConfigurationPlatforms) = postSolution
		{50F11E9E-D170-43A2-B249-ED75B86922BF}.Debug|Any CPU.ActiveCfg = Debug|Any CPU
		{50F11E9E-D170-43A2-B249-ED75B86922BF}.Debug|Any CPU.Build.0 = Debug|Any CPU
		{50F11E9E-D170-43A2-B249-ED75B86922BF}.Release|Any CPU.ActiveCfg = Release|Any CPU
		{50F11E9E-D170-43A2-B249-ED75B86922BF}.Release|Any CPU.Build.0 = Release|Any CPU
		{E4E36B37-68AE-4FBC-9C29-1A084DC472D7}.Debug|Any CPU.ActiveCfg = Debug|Any CPU
		{E4E36B37-68AE-4FBC-9C29-1A084DC472D7}.Debug|Any CPU.Build.0 = Debug|Any CPU
		{E4E36B37-68AE-4FBC-9C29-1A084DC472D7}.Release|Any CPU.ActiveCfg = Release|Any CPU
		{E4E36B37-68AE-4FBC-9C29-1A084DC472D7}.Release|Any CPU.Build.0 = Release|Any CPU
		{7ADFCA7C-95E0-4287-A7EA-67045B5393CA}.Debug|Any CPU.ActiveCfg = Debug|Any CPU
		{7ADFCA7C-95E0-4287-A7EA-67045B5393CA}.Debug|Any CPU.Build.0 = Debug|Any CPU
		{7ADFCA7C-95E0-4287-A7EA-67045B5393CA}.Release|Any CPU.ActiveCfg = Release|Any CPU
		{7ADFCA7C-95E0-4287-A7EA-67045B5393CA}.Release|Any CPU.Build.0 = Release|Any CPU
		{D1F5D258-76D6-4AF3-9B54-50616CDA4F30}.Debug|Any CPU.ActiveCfg = Debug|Any CPU
		{D1F5D258-76D6-4AF3-9B54-50616CDA4F30}.Debug|Any CPU.Build.0 = Debug|Any CPU
		{D1F5D258-76D6-4AF3-9B54-50616CDA4F30}.Release|Any CPU.ActiveCfg = Release|Any CPU
		{D1F5D258-76D6-4AF3-9B54-50616CDA4F30}.Release|Any CPU.Build.0 = Release|Any CPU
		{A00C0ED0-B9A8-4D81-AE08-4780432AF3C2}.Debug|Any CPU.ActiveCfg = Debug|Any CPU
		{A00C0ED0-B9A8-4D81-AE08-4780432AF3C2}.Debug|Any CPU.Build.0 = Debug|Any CPU
		{A00C0ED0-B9A8-4D81-AE08-4780432AF3C2}.Release|Any CPU.ActiveCfg = Release|Any CPU
		{A00C0ED0-B9A8-4D81-AE08-4780432AF3C2}.Release|Any CPU.Build.0 = Release|Any CPU
	EndGlobalSection
	GlobalSection(SolutionProperties) = preSolution
		HideSolutionNode = FALSE
	EndGlobalSection
	GlobalSection(ExtensibilityGlobals) = postSolution
		SolutionGuid = {AA511905-C6CE-43A5-9C92-3E1D9DFD0341}
	EndGlobalSection
EndGlobal
